
Microsoft Visual Studio Solution File, Format Version 12.00
# Visual Studio Version 17
VisualStudioVersion = 17.14.36623.8
MinimumVisualStudioVersion = 10.0.40219.1
Project("{8BC9CEB8-8B4A-11D0-8D11-00A0C91BC942}") = "p_animation1", "p_animation1\p_animation1.vcxproj", "{C5A03992-BFB6-45E7-AE26-DCA8EA5E2867}"
EndProject
Project("{8BC9CEB8-8B4A-11D0-8D11-00A0C91BC942}") = "p1", "p1\p1.vcxproj", "{D5AD9366-33CC-46CA-B0D9-890A8DA3F7AC}"
EndProject
Project("{8BC9CEB8-8B4A-11D0-8D11-00A0C91BC942}") = "p2_书包模型", "p2_书包模型\p2_书包模型.vcxproj", "{5D48839F-3927-4185-834E-7F4B9C655086}"
EndProject
Project("{8BC9CEB8-8B4A-11D0-8D11-00A0C91BC942}") = "p3", "p3\p3.vcxproj", "{DE06FA07-26FA-433A-9529-1D928716B33F}"
EndProject
Project("{8BC9CEB8-8B4A-11D0-8D11-00A0C91BC942}") = "p4_glb实验室", "p4_glb实验室\p4_glb实验室.vcxproj", "{4E9AB6D1-6E21-466E-9936-2A48D89483D0}"
EndProject
Project("{8BC9CEB8-8B4A-11D0-8D11-00A0C91BC942}") = "p_include7654", "p_include7654\p_include7654.vcxproj", "{165F78FB-DE0B-448D-A2E4-2FF2C2DBB52A}"
EndProject
Project("{8BC9CEB8-8B4A-11D0-8D11-00A0C91BC942}") = "p_sky1", "p_sky1\p_sky1.vcxproj", "{9E52918E-71A0-4F10-A805-AFD76B5C15A0}"
EndProject
Project("{8BC9CEB8-8B4A-11D0-8D11-00A0C91BC942}") = "p_贝塞尔曲线", "p_贝塞尔曲线\p_贝塞尔曲线.vcxproj", "{20FC7734-7D3E-455A-9EF1-A5D531FC51EE}"
EndProject
Project("{8BC9CEB8-8B4A-11D0-8D11-00A0C91BC942}") = "p_scene1", "p_scene1\p_scene1.vcxproj", "{2CB6E726-BD9D-4709-A811-0C75A00A5021}"
EndProject
Project("{8BC9CEB8-8B4A-11D0-8D11-00A0C91BC942}") = "p_PBR", "p_PBR\p_PBR.vcxproj", "{66CCBD96-6843-4837-9B97-0E677AF8929F}"
EndProject
Global
	GlobalSection(SolutionConfigurationPlatforms) = preSolution
		Debug|x64 = Debug|x64
		Debug|x86 = Debug|x86
		Release|x64 = Release|x64
		Release|x86 = Release|x86
	EndGlobalSection
	GlobalSection(ProjectConfigurationPlatforms) = postSolution
		{C5A03992-BFB6-45E7-AE26-DCA8EA5E2867}.Debug|x64.ActiveCfg = Debug|x64
		{C5A03992-BFB6-45E7-AE26-DCA8EA5E2867}.Debug|x64.Build.0 = Debug|x64
		{C5A03992-BFB6-45E7-AE26-DCA8EA5E2867}.Debug|x86.ActiveCfg = Debug|Win32
		{C5A03992-BFB6-45E7-AE26-DCA8EA5E2867}.Debug|x86.Build.0 = Debug|Win32
		{C5A03992-BFB6-45E7-AE26-DCA8EA5E2867}.Release|x64.ActiveCfg = Release|x64
		{C5A03992-BFB6-45E7-AE26-DCA8EA5E2867}.Release|x64.Build.0 = Release|x64
		{C5A03992-BFB6-45E7-AE26-DCA8EA5E2867}.Release|x86.ActiveCfg = Release|Win32
		{C5A03992-BFB6-45E7-AE26-DCA8EA5E2867}.Release|x86.Build.0 = Release|Win32
		{D5AD9366-33CC-46CA-B0D9-890A8DA3F7AC}.Debug|x64.ActiveCfg = Debug|x64
		{D5AD9366-33CC-46CA-B0D9-890A8DA3F7AC}.Debug|x64.Build.0 = Debug|x64
		{D5AD9366-33CC-46CA-B0D9-890A8DA3F7AC}.Debug|x86.ActiveCfg = Debug|Win32
		{D5AD9366-33CC-46CA-B0D9-890A8DA3F7AC}.Debug|x86.Build.0 = Debug|Win32
		{D5AD9366-33CC-46CA-B0D9-890A8DA3F7AC}.Release|x64.ActiveCfg = Release|x64
		{D5AD9366-33CC-46CA-B0D9-890A8DA3F7AC}.Release|x64.Build.0 = Release|x64
		{D5AD9366-33CC-46CA-B0D9-890A8DA3F7AC}.Release|x86.ActiveCfg = Release|Win32
		{D5AD9366-33CC-46CA-B0D9-890A8DA3F7AC}.Release|x86.Build.0 = Release|Win32
		{5D48839F-3927-4185-834E-7F4B9C655086}.Debug|x64.ActiveCfg = Debug|x64
		{5D48839F-3927-4185-834E-7F4B9C655086}.Debug|x64.Build.0 = Debug|x64
		{5D48839F-3927-4185-834E-7F4B9C655086}.Debug|x86.ActiveCfg = Debug|Win32
		{5D48839F-3927-4185-834E-7F4B9C655086}.Debug|x86.Build.0 = Debug|Win32
		{5D48839F-3927-4185-834E-7F4B9C655086}.Release|x64.ActiveCfg = Release|x64
		{5D48839F-3927-4185-834E-7F4B9C655086}.Release|x64.Build.0 = Release|x64
		{5D48839F-3927-4185-834E-7F4B9C655086}.Release|x86.ActiveCfg = Release|Win32
		{5D48839F-3927-4185-834E-7F4B9C655086}.Release|x86.Build.0 = Release|Win32
		{DE06FA07-26FA-433A-9529-1D928716B33F}.Debug|x64.ActiveCfg = Debug|x64
		{DE06FA07-26FA-433A-9529-1D928716B33F}.Debug|x64.Build.0 = Debug|x64
		{DE06FA07-26FA-433A-9529-1D928716B33F}.Debug|x86.ActiveCfg = Debug|Win32
		{DE06FA07-26FA-433A-9529-1D928716B33F}.Debug|x86.Build.0 = Debug|Win32
		{DE06FA07-26FA-433A-9529-1D928716B33F}.Release|x64.ActiveCfg = Release|x64
		{DE06FA07-26FA-433A-9529-1D928716B33F}.Release|x64.Build.0 = Release|x64
		{DE06FA07-26FA-433A-9529-1D928716B33F}.Release|x86.ActiveCfg = Release|Win32
		{DE06FA07-26FA-433A-9529-1D928716B33F}.Release|x86.Build.0 = Release|Win32
		{4E9AB6D1-6E21-466E-9936-2A48D89483D0}.Debug|x64.ActiveCfg = Debug|x64
		{4E9AB6D1-6E21-466E-9936-2A48D89483D0}.Debug|x64.Build.0 = Debug|x64
		{4E9AB6D1-6E21-466E-9936-2A48D89483D0}.Debug|x86.ActiveCfg = Debug|Win32
		{4E9AB6D1-6E21-466E-9936-2A48D89483D0}.Debug|x86.Build.0 = Debug|Win32
		{4E9AB6D1-6E21-466E-9936-2A48D89483D0}.Release|x64.ActiveCfg = Release|x64
		{4E9AB6D1-6E21-466E-9936-2A48D89483D0}.Release|x64.Build.0 = Release|x64
		{4E9AB6D1-6E21-466E-9936-2A48D89483D0}.Release|x86.ActiveCfg = Release|Win32
		{4E9AB6D1-6E21-466E-9936-2A48D89483D0}.Release|x86.Build.0 = Release|Win32
		{165F78FB-DE0B-448D-A2E4-2FF2C2DBB52A}.Debug|x64.ActiveCfg = Debug|x64
		{165F78FB-DE0B-448D-A2E4-2FF2C2DBB52A}.Debug|x64.Build.0 = Debug|x64
		{165F78FB-DE0B-448D-A2E4-2FF2C2DBB52A}.Debug|x86.ActiveCfg = Debug|Win32
		{165F78FB-DE0B-448D-A2E4-2FF2C2DBB52A}.Debug|x86.Build.0 = Debug|Win32
		{165F78FB-DE0B-448D-A2E4-2FF2C2DBB52A}.Release|x64.ActiveCfg = Release|x64
		{165F78FB-DE0B-448D-A2E4-2FF2C2DBB52A}.Release|x64.Build.0 = Release|x64
		{165F78FB-DE0B-448D-A2E4-2FF2C2DBB52A}.Release|x86.ActiveCfg = Release|Win32
		{165F78FB-DE0B-448D-A2E4-2FF2C2DBB52A}.Release|x86.Build.0 = Release|Win32
		{9E52918E-71A0-4F10-A805-AFD76B5C15A0}.Debug|x64.ActiveCfg = Debug|x64
		{9E52918E-71A0-4F10-A805-AFD76B5C15A0}.Debug|x64.Build.0 = Debug|x64
		{9E52918E-71A0-4F10-A805-AFD76B5C15A0}.Debug|x86.ActiveCfg = Debug|Win32
		{9E52918E-71A0-4F10-A805-AFD76B5C15A0}.Debug|x86.Build.0 = Debug|Win32
		{9E52918E-71A0-4F10-A805-AFD76B5C15A0}.Release|x64.ActiveCfg = Release|x64
		{9E52918E-71A0-4F10-A805-AFD76B5C15A0}.Release|x64.Build.0 = Release|x64
		{9E52918E-71A0-4F10-A805-AFD76B5C15A0}.Release|x86.ActiveCfg = Release|Win32
		{9E52918E-71A0-4F10-A805-AFD76B5C15A0}.Release|x86.Build.0 = Release|Win32
		{20FC7734-7D3E-455A-9EF1-A5D531FC51EE}.Debug|x64.ActiveCfg = Debug|x64
		{20FC7734-7D3E-455A-9EF1-A5D531FC51EE}.Debug|x64.Build.0 = Debug|x64
		{20FC7734-7D3E-455A-9EF1-A5D531FC51EE}.Debug|x86.ActiveCfg = Debug|Win32
		{20FC7734-7D3E-455A-9EF1-A5D531FC51EE}.Debug|x86.Build.0 = Debug|Win32
		{20FC7734-7D3E-455A-9EF1-A5D531FC51EE}.Release|x64.ActiveCfg = Release|x64
		{20FC7734-7D3E-455A-9EF1-A5D531FC51EE}.Release|x64.Build.0 = Release|x64
		{20FC7734-7D3E-455A-9EF1-A5D531FC51EE}.Release|x86.ActiveCfg = Release|Win32
		{20FC7734-7D3E-455A-9EF1-A5D531FC51EE}.Release|x86.Build.0 = Release|Win32
		{2CB6E726-BD9D-4709-A811-0C75A00A5021}.Debug|x64.ActiveCfg = Debug|x64
		{2CB6E726-BD9D-4709-A811-0C75A00A5021}.Debug|x64.Build.0 = Debug|x64
		{2CB6E726-BD9D-4709-A811-0C75A00A5021}.Debug|x86.ActiveCfg = Debug|Win32
		{2CB6E726-BD9D-4709-A811-0C75A00A5021}.Debug|x86.Build.0 = Debug|Win32
		{2CB6E726-BD9D-4709-A811-0C75A00A5021}.Release|x64.ActiveCfg = Release|x64
		{2CB6E726-BD9D-4709-A811-0C75A00A5021}.Release|x64.Build.0 = Release|x64
		{2CB6E726-BD9D-4709-A811-0C75A00A5021}.Release|x86.ActiveCfg = Release|Win32
		{2CB6E726-BD9D-4709-A811-0C75A00A5021}.Release|x86.Build.0 = Release|Win32
		{66CCBD96-6843-4837-9B97-0E677AF8929F}.Debug|x64.ActiveCfg = Debug|x64
		{66CCBD96-6843-4837-9B97-0E677AF8929F}.Debug|x64.Build.0 = Debug|x64
		{66CCBD96-6843-4837-9B97-0E677AF8929F}.Debug|x86.ActiveCfg = Debug|Win32
		{66CCBD96-6843-4837-9B97-0E677AF8929F}.Debug|x86.Build.0 = Debug|Win32
		{66CCBD96-6843-4837-9B97-0E677AF8929F}.Release|x64.ActiveCfg = Release|x64
		{66CCBD96-6843-4837-9B97-0E677AF8929F}.Release|x64.Build.0 = Release|x64
		{66CCBD96-6843-4837-9B97-0E677AF8929F}.Release|x86.ActiveCfg = Release|Win32
		{66CCBD96-6843-4837-9B97-0E677AF8929F}.Release|x86.Build.0 = Release|Win32
	EndGlobalSection
	GlobalSection(SolutionProperties) = preSolution
		HideSolutionNode = FALSE
	EndGlobalSection
	GlobalSection(ExtensibilityGlobals) = postSolution
		SolutionGuid = {3C5F8F34-8FD7-48EF-84E8-5F0B12E0C1C2}
	EndGlobalSection
EndGlobal
