
Microsoft Visual Studio Solution File, Format Version 12.00
# Visual Studio Version 17
VisualStudioVersion = 17.14.36623.8
MinimumVisualStudioVersion = 10.0.40219.1
Project("{8BC9CEB8-8B4A-11D0-8D11-00A0C91BC942}") = "p1", "p1\p1.vcxproj", "{D5AD9366-33CC-46CA-B0D9-890A8DA3F7AC}"
EndProject
Global
	GlobalSection(SolutionConfigurationPlatforms) = preSolution
		Debug|ARM = Debug|ARM
		Debug|x64 = Debug|x64
		Debug|x86 = Debug|x86
		Release|ARM = Release|ARM
		Release|x64 = Release|x64
		Release|x86 = Release|x86
		ww|ARM = ww|ARM
		ww|x64 = ww|x64
		ww|x86 = ww|x86
	EndGlobalSection
	GlobalSection(ProjectConfigurationPlatforms) = postSolution
		{D5AD9366-33CC-46CA-B0D9-890A8DA3F7AC}.Debug|ARM.ActiveCfg = Debug|x64
		{D5AD9366-33CC-46CA-B0D9-890A8DA3F7AC}.Debug|x64.ActiveCfg = Debug|x64
		{D5AD9366-33CC-46CA-B0D9-890A8DA3F7AC}.Debug|x64.Build.0 = Debug|x64
		{D5AD9366-33CC-46CA-B0D9-890A8DA3F7AC}.Debug|x86.ActiveCfg = Debug|Win32
		{D5AD9366-33CC-46CA-B0D9-890A8DA3F7AC}.Debug|x86.Build.0 = Debug|Win32
		{D5AD9366-33CC-46CA-B0D9-890A8DA3F7AC}.Release|ARM.ActiveCfg = Release|x64
		{D5AD9366-33CC-46CA-B0D9-890A8DA3F7AC}.Release|x64.ActiveCfg = Release|x64
		{D5AD9366-33CC-46CA-B0D9-890A8DA3F7AC}.Release|x64.Build.0 = Release|x64
		{D5AD9366-33CC-46CA-B0D9-890A8DA3F7AC}.Release|x86.ActiveCfg = Release|Win32
		{D5AD9366-33CC-46CA-B0D9-890A8DA3F7AC}.Release|x86.Build.0 = Release|Win32
		{D5AD9366-33CC-46CA-B0D9-890A8DA3F7AC}.ww|ARM.ActiveCfg = Release|x64
		{D5AD9366-33CC-46CA-B0D9-890A8DA3F7AC}.ww|x64.ActiveCfg = Release|x64
		{D5AD9366-33CC-46CA-B0D9-890A8DA3F7AC}.ww|x64.Build.0 = Release|x64
		{D5AD9366-33CC-46CA-B0D9-890A8DA3F7AC}.ww|x86.ActiveCfg = Release|Win32
		{D5AD9366-33CC-46CA-B0D9-890A8DA3F7AC}.ww|x86.Build.0 = Release|Win32
	EndGlobalSection
	GlobalSection(SolutionProperties) = preSolution
		HideSolutionNode = FALSE
	EndGlobalSection
	GlobalSection(ExtensibilityGlobals) = postSolution
		SolutionGuid = {296B91B0-9EA2-497A-8036-50087C8627CF}
	EndGlobalSection
EndGlobal
